
Microsoft Visual Studio Solution File, Format Version 12.00
# Visual Studio Version 17
VisualStudioVersion = 17.2.32630.192
MinimumVisualStudioVersion = 10.0.40219.1
Project("{2150E333-8FDC-42A3-9474-1A3956D46DE8}") = "1 - Application", "1 - Application", "{0EB4D307-BDAB-4EF1-B0BE-5321BF58A027}"
EndProject
Project("{2150E333-8FDC-42A3-9474-1A3956D46DE8}") = "2 - Domain", "2 - Domain", "{FD6E0EEF-F1E9-4BAA-B718-04F4EFC1A407}"
EndProject
Project("{2150E333-8FDC-42A3-9474-1A3956D46DE8}") = "3 - Service", "3 - Service", "{334F5477-C99E-4D53-9886-73410C8D841F}"
EndProject
Project("{2150E333-8FDC-42A3-9474-1A3956D46DE8}") = "4 - Infra", "4 - Infra", "{C1F9BA87-7B0E-449E-ADBA-AFAF85468F95}"
EndProject
Project("{2150E333-8FDC-42A3-9474-1A3956D46DE8}") = "4.1 - Data", "4.1 - Data", "{FEDCE27D-6A08-473A-AE62-BD9017ADE8D3}"
EndProject
Project("{2150E333-8FDC-42A3-9474-1A3956D46DE8}") = "4.2 - CrossCutting", "4.2 - CrossCutting", "{C23ADD35-FD02-42FC-9311-6D184B110213}"
EndProject
Project("{2150E333-8FDC-42A3-9474-1A3956D46DE8}") = "5 - Utils", "5 - Utils", "{219BAD75-1347-4BBC-8C1E-7E3750339FCF}"
EndProject
Project("{2150E333-8FDC-42A3-9474-1A3956D46DE8}") = "6 - Test", "6 - Test", "{F582B04F-8ABD-4C0D-9C2A-B8A94F5761DC}"
EndProject
Project("{9A19103F-16F7-4668-BE54-9A1E7A4F7556}") = "FluxoCaixa.Api", "FluxoCaixa.Api\FluxoCaixa.Api.csproj", "{B8D16DE6-DF39-4BB5-AA7A-6D58F75EE1CE}"
EndProject
Project("{9A19103F-16F7-4668-BE54-9A1E7A4F7556}") = "FluxoCaixa.Domain", "FluxoCaixa.Domain\FluxoCaixa.Domain.csproj", "{3C85DE98-4D4A-47B3-901A-D23DEFC795DE}"
EndProject
Project("{9A19103F-16F7-4668-BE54-9A1E7A4F7556}") = "FluxoCaixa.Service", "FluxoCaixa.Service\FluxoCaixa.Service.csproj", "{AE42577B-A715-493D-9C11-8CE9CAB781A5}"
EndProject
Project("{9A19103F-16F7-4668-BE54-9A1E7A4F7556}") = "FluxoCaixa.Utils", "FluxoCaixa.Utils\FluxoCaixa.Utils.csproj", "{0946ADE1-863F-4489-80C5-A886E003EDAF}"
EndProject
Project("{9A19103F-16F7-4668-BE54-9A1E7A4F7556}") = "FluxoCaixa.Test", "FluxoCaixa.Test\FluxoCaixa.Test.csproj", "{5A409257-ACC0-4B1E-962B-459A25EEE08E}"
EndProject
Project("{9A19103F-16F7-4668-BE54-9A1E7A4F7556}") = "FluxoCaixa.Infra.Data", "FluxoCaixa.Infra.Data\FluxoCaixa.Infra.Data.csproj", "{E35B6CB8-B6FC-495A-B2BF-9C1E2EC862CE}"
EndProject
Project("{9A19103F-16F7-4668-BE54-9A1E7A4F7556}") = "FluxoCaixa.Infra.CrossCutting", "FluxoCaixa.Infra.CrossCutting\FluxoCaixa.Infra.CrossCutting.csproj", "{630A2831-B715-4644-B0F1-2FCB9FB3EF32}"
EndProject
Project("{2150E333-8FDC-42A3-9474-1A3956D46DE8}") = "4.3 - Secutiry", "4.3 - Secutiry", "{DF856591-38CB-4EA1-A05D-D7EECBE79928}"
EndProject
Project("{9A19103F-16F7-4668-BE54-9A1E7A4F7556}") = "FluxoCaixa.Infra.Security", "FluxoCaixa.Infra.Security\FluxoCaixa.Infra.Security.csproj", "{D7D54586-73CB-466A-96E5-B16957EE009A}"
EndProject
Global
	GlobalSection(SolutionConfigurationPlatforms) = preSolution
		Debug|Any CPU = Debug|Any CPU
		Release|Any CPU = Release|Any CPU
	EndGlobalSection
	GlobalSection(ProjectConfigurationPlatforms) = postSolution
		{B8D16DE6-DF39-4BB5-AA7A-6D58F75EE1CE}.Debug|Any CPU.ActiveCfg = Debug|Any CPU
		{B8D16DE6-DF39-4BB5-AA7A-6D58F75EE1CE}.Debug|Any CPU.Build.0 = Debug|Any CPU
		{B8D16DE6-DF39-4BB5-AA7A-6D58F75EE1CE}.Release|Any CPU.ActiveCfg = Release|Any CPU
		{B8D16DE6-DF39-4BB5-AA7A-6D58F75EE1CE}.Release|Any CPU.Build.0 = Release|Any CPU
		{3C85DE98-4D4A-47B3-901A-D23DEFC795DE}.Debug|Any CPU.ActiveCfg = Debug|Any CPU
		{3C85DE98-4D4A-47B3-901A-D23DEFC795DE}.Debug|Any CPU.Build.0 = Debug|Any CPU
		{3C85DE98-4D4A-47B3-901A-D23DEFC795DE}.Release|Any CPU.ActiveCfg = Release|Any CPU
		{3C85DE98-4D4A-47B3-901A-D23DEFC795DE}.Release|Any CPU.Build.0 = Release|Any CPU
		{AE42577B-A715-493D-9C11-8CE9CAB781A5}.Debug|Any CPU.ActiveCfg = Debug|Any CPU
		{AE42577B-A715-493D-9C11-8CE9CAB781A5}.Debug|Any CPU.Build.0 = Debug|Any CPU
		{AE42577B-A715-493D-9C11-8CE9CAB781A5}.Release|Any CPU.ActiveCfg = Release|Any CPU
		{AE42577B-A715-493D-9C11-8CE9CAB781A5}.Release|Any CPU.Build.0 = Release|Any CPU
		{0946ADE1-863F-4489-80C5-A886E003EDAF}.Debug|Any CPU.ActiveCfg = Debug|Any CPU
		{0946ADE1-863F-4489-80C5-A886E003EDAF}.Debug|Any CPU.Build.0 = Debug|Any CPU
		{0946ADE1-863F-4489-80C5-A886E003EDAF}.Release|Any CPU.ActiveCfg = Release|Any CPU
		{0946ADE1-863F-4489-80C5-A886E003EDAF}.Release|Any CPU.Build.0 = Release|Any CPU
		{5A409257-ACC0-4B1E-962B-459A25EEE08E}.Debug|Any CPU.ActiveCfg = Debug|Any CPU
		{5A409257-ACC0-4B1E-962B-459A25EEE08E}.Debug|Any CPU.Build.0 = Debug|Any CPU
		{5A409257-ACC0-4B1E-962B-459A25EEE08E}.Release|Any CPU.ActiveCfg = Release|Any CPU
		{5A409257-ACC0-4B1E-962B-459A25EEE08E}.Release|Any CPU.Build.0 = Release|Any CPU
		{E35B6CB8-B6FC-495A-B2BF-9C1E2EC862CE}.Debug|Any CPU.ActiveCfg = Debug|Any CPU
		{E35B6CB8-B6FC-495A-B2BF-9C1E2EC862CE}.Debug|Any CPU.Build.0 = Debug|Any CPU
		{E35B6CB8-B6FC-495A-B2BF-9C1E2EC862CE}.Release|Any CPU.ActiveCfg = Release|Any CPU
		{E35B6CB8-B6FC-495A-B2BF-9C1E2EC862CE}.Release|Any CPU.Build.0 = Release|Any CPU
		{630A2831-B715-4644-B0F1-2FCB9FB3EF32}.Debug|Any CPU.ActiveCfg = Debug|Any CPU
		{630A2831-B715-4644-B0F1-2FCB9FB3EF32}.Debug|Any CPU.Build.0 = Debug|Any CPU
		{630A2831-B715-4644-B0F1-2FCB9FB3EF32}.Release|Any CPU.ActiveCfg = Release|Any CPU
		{630A2831-B715-4644-B0F1-2FCB9FB3EF32}.Release|Any CPU.Build.0 = Release|Any CPU
		{D7D54586-73CB-466A-96E5-B16957EE009A}.Debug|Any CPU.ActiveCfg = Debug|Any CPU
		{D7D54586-73CB-466A-96E5-B16957EE009A}.Debug|Any CPU.Build.0 = Debug|Any CPU
		{D7D54586-73CB-466A-96E5-B16957EE009A}.Release|Any CPU.ActiveCfg = Release|Any CPU
		{D7D54586-73CB-466A-96E5-B16957EE009A}.Release|Any CPU.Build.0 = Release|Any CPU
	EndGlobalSection
	GlobalSection(SolutionProperties) = preSolution
		HideSolutionNode = FALSE
	EndGlobalSection
	GlobalSection(NestedProjects) = preSolution
		{FEDCE27D-6A08-473A-AE62-BD9017ADE8D3} = {C1F9BA87-7B0E-449E-ADBA-AFAF85468F95}
		{C23ADD35-FD02-42FC-9311-6D184B110213} = {C1F9BA87-7B0E-449E-ADBA-AFAF85468F95}
		{B8D16DE6-DF39-4BB5-AA7A-6D58F75EE1CE} = {0EB4D307-BDAB-4EF1-B0BE-5321BF58A027}
		{3C85DE98-4D4A-47B3-901A-D23DEFC795DE} = {FD6E0EEF-F1E9-4BAA-B718-04F4EFC1A407}
		{AE42577B-A715-493D-9C11-8CE9CAB781A5} = {334F5477-C99E-4D53-9886-73410C8D841F}
		{0946ADE1-863F-4489-80C5-A886E003EDAF} = {219BAD75-1347-4BBC-8C1E-7E3750339FCF}
		{5A409257-ACC0-4B1E-962B-459A25EEE08E} = {F582B04F-8ABD-4C0D-9C2A-B8A94F5761DC}
		{E35B6CB8-B6FC-495A-B2BF-9C1E2EC862CE} = {FEDCE27D-6A08-473A-AE62-BD9017ADE8D3}
		{630A2831-B715-4644-B0F1-2FCB9FB3EF32} = {C23ADD35-FD02-42FC-9311-6D184B110213}
		{DF856591-38CB-4EA1-A05D-D7EECBE79928} = {C1F9BA87-7B0E-449E-ADBA-AFAF85468F95}
		{D7D54586-73CB-466A-96E5-B16957EE009A} = {DF856591-38CB-4EA1-A05D-D7EECBE79928}
	EndGlobalSection
	GlobalSection(ExtensibilityGlobals) = postSolution
		SolutionGuid = {8C8D458A-A990-4415-921C-4EDD5913100A}
	EndGlobalSection
EndGlobal
